
Microsoft Visual Studio Solution File, Format Version 12.00
# Visual Studio Version 16
VisualStudioVersion = 25.0.1704.0
MinimumVisualStudioVersion = 10.0.40219.1
Project("{FAE04EC0-301F-11D3-BF4B-00C04F79EFBC}") = "delayClear", "delayClear\delayClear.csproj", "{7EFFD2C4-641D-4601-87CC-3B8545CAC336}"
EndProject
Global
	GlobalSection(SolutionConfigurationPlatforms) = preSolution
		Debug|Any CPU = Debug|Any CPU
		Release|Any CPU = Release|Any CPU
	EndGlobalSection
	GlobalSection(ProjectConfigurationPlatforms) = postSolution
		{7EFFD2C4-641D-4601-87CC-3B8545CAC336}.Debug|Any CPU.ActiveCfg = Debug|Any CPU
		{7EFFD2C4-641D-4601-87CC-3B8545CAC336}.Debug|Any CPU.Build.0 = Debug|Any CPU
		{7EFFD2C4-641D-4601-87CC-3B8545CAC336}.Release|Any CPU.ActiveCfg = Release|Any CPU
		{7EFFD2C4-641D-4601-87CC-3B8545CAC336}.Release|Any CPU.Build.0 = Release|Any CPU
	EndGlobalSection
	GlobalSection(SolutionProperties) = preSolution
		HideSolutionNode = FALSE
	EndGlobalSection
	GlobalSection(ExtensibilityGlobals) = postSolution
		SolutionGuid = {DE2862E1-CC1A-4391-847B-729675511069}
	EndGlobalSection
EndGlobal
